
Microsoft Visual Studio Solution File, Format Version 12.00
# Visual Studio 14
VisualStudioVersion = 14.0.25420.1
MinimumVisualStudioVersion = 10.0.40219.1
Project("{8BC9CEB8-8B4A-11D0-8D11-00A0C91BC942}") = "SMB-172.2", "SMB-172.2\SMB-172.2.vcxproj", "{9EAA7594-40AC-41AA-89B2-C858155D51AA}"
EndProject
Project("{8BC9CEB8-8B4A-11D0-8D11-00A0C91BC942}") = "Structures", "Structures\Structures.vcxproj", "{54B39AA5-07DF-4403-99AD-F75018CAB094}"
EndProject
Project("{8BC9CEB8-8B4A-11D0-8D11-00A0C91BC942}") = "Pointers", "Pointers\Pointers.vcxproj", "{E163F681-20B8-4E07-85E7-3AEE8E9B725C}"
EndProject
Project("{8BC9CEB8-8B4A-11D0-8D11-00A0C91BC942}") = "Recursion", "Recursion\Recursion.vcxproj", "{AC34CC21-DA6F-4410-90DD-0904492A3C51}"
EndProject
Project("{8BC9CEB8-8B4A-11D0-8D11-00A0C91BC942}") = "AreaOfRoom", "AreaOfRoom\AreaOfRoom.vcxproj", "{4EF53F30-6D7F-4C77-ADEC-7F005D05AAB7}"
EndProject
Project("{8BC9CEB8-8B4A-11D0-8D11-00A0C91BC942}") = "Spiral", "Spiral\Spiral.vcxproj", "{373C13BC-491E-465C-9F58-2ECD85386929}"
EndProject
Project("{8BC9CEB8-8B4A-11D0-8D11-00A0C91BC942}") = "Snake", "Snake\Snake.vcxproj", "{CEF3395A-2901-413E-8315-42BA7DFB855B}"
EndProject
Project("{8BC9CEB8-8B4A-11D0-8D11-00A0C91BC942}") = "Strings", "Strings\Strings.vcxproj", "{68483E8D-4387-4176-8D57-261275FDCEE4}"
EndProject
Project("{8BC9CEB8-8B4A-11D0-8D11-00A0C91BC942}") = "Tetris", "Tetris\Tetris.vcxproj", "{3081DFBD-5A75-47E5-BE65-42C5DD76211A}"
EndProject
Project("{8BC9CEB8-8B4A-11D0-8D11-00A0C91BC942}") = "BoredProject", "BoredProject\BoredProject.vcxproj", "{DCC84527-980F-41BF-8E78-24E2FB06576F}"
EndProject
Project("{8BC9CEB8-8B4A-11D0-8D11-00A0C91BC942}") = "Checker", "Checker\Checker.vcxproj", "{9FC11961-D20B-460E-B95B-654342BDD3E5}"
EndProject
Project("{8BC9CEB8-8B4A-11D0-8D11-00A0C91BC942}") = "Dynamics", "Dynamics\Dynamics.vcxproj", "{78AB7B2E-D55B-4999-91D1-785B6C419D2D}"
EndProject
Project("{8BC9CEB8-8B4A-11D0-8D11-00A0C91BC942}") = "Levenstein", "Levenstein\Levenstein.vcxproj", "{363AE174-56EF-4B2B-8A03-7BEA5D344C67}"
EndProject
Project("{8BC9CEB8-8B4A-11D0-8D11-00A0C91BC942}") = "SettlingPoints", "SettlingPoints\SettlingPoints.vcxproj", "{9D4CB142-5DE8-4C1F-B8D4-E148D47E0FCB}"
EndProject
Global
	GlobalSection(SolutionConfigurationPlatforms) = preSolution
		Debug|x64 = Debug|x64
		Debug|x86 = Debug|x86
		Release|x64 = Release|x64
		Release|x86 = Release|x86
	EndGlobalSection
	GlobalSection(ProjectConfigurationPlatforms) = postSolution
		{9EAA7594-40AC-41AA-89B2-C858155D51AA}.Debug|x64.ActiveCfg = Debug|x64
		{9EAA7594-40AC-41AA-89B2-C858155D51AA}.Debug|x64.Build.0 = Debug|x64
		{9EAA7594-40AC-41AA-89B2-C858155D51AA}.Debug|x86.ActiveCfg = Debug|Win32
		{9EAA7594-40AC-41AA-89B2-C858155D51AA}.Debug|x86.Build.0 = Debug|Win32
		{9EAA7594-40AC-41AA-89B2-C858155D51AA}.Release|x64.ActiveCfg = Release|x64
		{9EAA7594-40AC-41AA-89B2-C858155D51AA}.Release|x64.Build.0 = Release|x64
		{9EAA7594-40AC-41AA-89B2-C858155D51AA}.Release|x86.ActiveCfg = Release|Win32
		{9EAA7594-40AC-41AA-89B2-C858155D51AA}.Release|x86.Build.0 = Release|Win32
		{54B39AA5-07DF-4403-99AD-F75018CAB094}.Debug|x64.ActiveCfg = Debug|x64
		{54B39AA5-07DF-4403-99AD-F75018CAB094}.Debug|x64.Build.0 = Debug|x64
		{54B39AA5-07DF-4403-99AD-F75018CAB094}.Debug|x86.ActiveCfg = Debug|Win32
		{54B39AA5-07DF-4403-99AD-F75018CAB094}.Debug|x86.Build.0 = Debug|Win32
		{54B39AA5-07DF-4403-99AD-F75018CAB094}.Release|x64.ActiveCfg = Release|x64
		{54B39AA5-07DF-4403-99AD-F75018CAB094}.Release|x64.Build.0 = Release|x64
		{54B39AA5-07DF-4403-99AD-F75018CAB094}.Release|x86.ActiveCfg = Release|Win32
		{54B39AA5-07DF-4403-99AD-F75018CAB094}.Release|x86.Build.0 = Release|Win32
		{E163F681-20B8-4E07-85E7-3AEE8E9B725C}.Debug|x64.ActiveCfg = Debug|x64
		{E163F681-20B8-4E07-85E7-3AEE8E9B725C}.Debug|x64.Build.0 = Debug|x64
		{E163F681-20B8-4E07-85E7-3AEE8E9B725C}.Debug|x86.ActiveCfg = Debug|Win32
		{E163F681-20B8-4E07-85E7-3AEE8E9B725C}.Debug|x86.Build.0 = Debug|Win32
		{E163F681-20B8-4E07-85E7-3AEE8E9B725C}.Release|x64.ActiveCfg = Release|x64
		{E163F681-20B8-4E07-85E7-3AEE8E9B725C}.Release|x64.Build.0 = Release|x64
		{E163F681-20B8-4E07-85E7-3AEE8E9B725C}.Release|x86.ActiveCfg = Release|Win32
		{E163F681-20B8-4E07-85E7-3AEE8E9B725C}.Release|x86.Build.0 = Release|Win32
		{AC34CC21-DA6F-4410-90DD-0904492A3C51}.Debug|x64.ActiveCfg = Debug|x64
		{AC34CC21-DA6F-4410-90DD-0904492A3C51}.Debug|x64.Build.0 = Debug|x64
		{AC34CC21-DA6F-4410-90DD-0904492A3C51}.Debug|x86.ActiveCfg = Debug|Win32
		{AC34CC21-DA6F-4410-90DD-0904492A3C51}.Debug|x86.Build.0 = Debug|Win32
		{AC34CC21-DA6F-4410-90DD-0904492A3C51}.Release|x64.ActiveCfg = Release|x64
		{AC34CC21-DA6F-4410-90DD-0904492A3C51}.Release|x64.Build.0 = Release|x64
		{AC34CC21-DA6F-4410-90DD-0904492A3C51}.Release|x86.ActiveCfg = Release|Win32
		{AC34CC21-DA6F-4410-90DD-0904492A3C51}.Release|x86.Build.0 = Release|Win32
		{4EF53F30-6D7F-4C77-ADEC-7F005D05AAB7}.Debug|x64.ActiveCfg = Debug|x64
		{4EF53F30-6D7F-4C77-ADEC-7F005D05AAB7}.Debug|x64.Build.0 = Debug|x64
		{4EF53F30-6D7F-4C77-ADEC-7F005D05AAB7}.Debug|x86.ActiveCfg = Debug|Win32
		{4EF53F30-6D7F-4C77-ADEC-7F005D05AAB7}.Debug|x86.Build.0 = Debug|Win32
		{4EF53F30-6D7F-4C77-ADEC-7F005D05AAB7}.Release|x64.ActiveCfg = Release|x64
		{4EF53F30-6D7F-4C77-ADEC-7F005D05AAB7}.Release|x64.Build.0 = Release|x64
		{4EF53F30-6D7F-4C77-ADEC-7F005D05AAB7}.Release|x86.ActiveCfg = Release|Win32
		{4EF53F30-6D7F-4C77-ADEC-7F005D05AAB7}.Release|x86.Build.0 = Release|Win32
		{373C13BC-491E-465C-9F58-2ECD85386929}.Debug|x64.ActiveCfg = Debug|x64
		{373C13BC-491E-465C-9F58-2ECD85386929}.Debug|x64.Build.0 = Debug|x64
		{373C13BC-491E-465C-9F58-2ECD85386929}.Debug|x86.ActiveCfg = Debug|Win32
		{373C13BC-491E-465C-9F58-2ECD85386929}.Debug|x86.Build.0 = Debug|Win32
		{373C13BC-491E-465C-9F58-2ECD85386929}.Release|x64.ActiveCfg = Release|x64
		{373C13BC-491E-465C-9F58-2ECD85386929}.Release|x64.Build.0 = Release|x64
		{373C13BC-491E-465C-9F58-2ECD85386929}.Release|x86.ActiveCfg = Release|Win32
		{373C13BC-491E-465C-9F58-2ECD85386929}.Release|x86.Build.0 = Release|Win32
		{CEF3395A-2901-413E-8315-42BA7DFB855B}.Debug|x64.ActiveCfg = Debug|x64
		{CEF3395A-2901-413E-8315-42BA7DFB855B}.Debug|x64.Build.0 = Debug|x64
		{CEF3395A-2901-413E-8315-42BA7DFB855B}.Debug|x86.ActiveCfg = Debug|Win32
		{CEF3395A-2901-413E-8315-42BA7DFB855B}.Debug|x86.Build.0 = Debug|Win32
		{CEF3395A-2901-413E-8315-42BA7DFB855B}.Release|x64.ActiveCfg = Release|x64
		{CEF3395A-2901-413E-8315-42BA7DFB855B}.Release|x64.Build.0 = Release|x64
		{CEF3395A-2901-413E-8315-42BA7DFB855B}.Release|x86.ActiveCfg = Release|Win32
		{CEF3395A-2901-413E-8315-42BA7DFB855B}.Release|x86.Build.0 = Release|Win32
		{68483E8D-4387-4176-8D57-261275FDCEE4}.Debug|x64.ActiveCfg = Debug|x64
		{68483E8D-4387-4176-8D57-261275FDCEE4}.Debug|x64.Build.0 = Debug|x64
		{68483E8D-4387-4176-8D57-261275FDCEE4}.Debug|x86.ActiveCfg = Debug|Win32
		{68483E8D-4387-4176-8D57-261275FDCEE4}.Debug|x86.Build.0 = Debug|Win32
		{68483E8D-4387-4176-8D57-261275FDCEE4}.Release|x64.ActiveCfg = Release|x64
		{68483E8D-4387-4176-8D57-261275FDCEE4}.Release|x64.Build.0 = Release|x64
		{68483E8D-4387-4176-8D57-261275FDCEE4}.Release|x86.ActiveCfg = Release|Win32
		{68483E8D-4387-4176-8D57-261275FDCEE4}.Release|x86.Build.0 = Release|Win32
		{3081DFBD-5A75-47E5-BE65-42C5DD76211A}.Debug|x64.ActiveCfg = Debug|x64
		{3081DFBD-5A75-47E5-BE65-42C5DD76211A}.Debug|x64.Build.0 = Debug|x64
		{3081DFBD-5A75-47E5-BE65-42C5DD76211A}.Debug|x86.ActiveCfg = Debug|Win32
		{3081DFBD-5A75-47E5-BE65-42C5DD76211A}.Debug|x86.Build.0 = Debug|Win32
		{3081DFBD-5A75-47E5-BE65-42C5DD76211A}.Release|x64.ActiveCfg = Release|x64
		{3081DFBD-5A75-47E5-BE65-42C5DD76211A}.Release|x64.Build.0 = Release|x64
		{3081DFBD-5A75-47E5-BE65-42C5DD76211A}.Release|x86.ActiveCfg = Release|Win32
		{3081DFBD-5A75-47E5-BE65-42C5DD76211A}.Release|x86.Build.0 = Release|Win32
		{DCC84527-980F-41BF-8E78-24E2FB06576F}.Debug|x64.ActiveCfg = Debug|x64
		{DCC84527-980F-41BF-8E78-24E2FB06576F}.Debug|x64.Build.0 = Debug|x64
		{DCC84527-980F-41BF-8E78-24E2FB06576F}.Debug|x86.ActiveCfg = Debug|Win32
		{DCC84527-980F-41BF-8E78-24E2FB06576F}.Debug|x86.Build.0 = Debug|Win32
		{DCC84527-980F-41BF-8E78-24E2FB06576F}.Release|x64.ActiveCfg = Release|x64
		{DCC84527-980F-41BF-8E78-24E2FB06576F}.Release|x64.Build.0 = Release|x64
		{DCC84527-980F-41BF-8E78-24E2FB06576F}.Release|x86.ActiveCfg = Release|Win32
		{DCC84527-980F-41BF-8E78-24E2FB06576F}.Release|x86.Build.0 = Release|Win32
		{9FC11961-D20B-460E-B95B-654342BDD3E5}.Debug|x64.ActiveCfg = Debug|x64
		{9FC11961-D20B-460E-B95B-654342BDD3E5}.Debug|x64.Build.0 = Debug|x64
		{9FC11961-D20B-460E-B95B-654342BDD3E5}.Debug|x86.ActiveCfg = Debug|Win32
		{9FC11961-D20B-460E-B95B-654342BDD3E5}.Debug|x86.Build.0 = Debug|Win32
		{9FC11961-D20B-460E-B95B-654342BDD3E5}.Release|x64.ActiveCfg = Release|x64
		{9FC11961-D20B-460E-B95B-654342BDD3E5}.Release|x64.Build.0 = Release|x64
		{9FC11961-D20B-460E-B95B-654342BDD3E5}.Release|x86.ActiveCfg = Release|Win32
		{9FC11961-D20B-460E-B95B-654342BDD3E5}.Release|x86.Build.0 = Release|Win32
		{78AB7B2E-D55B-4999-91D1-785B6C419D2D}.Debug|x64.ActiveCfg = Debug|x64
		{78AB7B2E-D55B-4999-91D1-785B6C419D2D}.Debug|x64.Build.0 = Debug|x64
		{78AB7B2E-D55B-4999-91D1-785B6C419D2D}.Debug|x86.ActiveCfg = Debug|Win32
		{78AB7B2E-D55B-4999-91D1-785B6C419D2D}.Debug|x86.Build.0 = Debug|Win32
		{78AB7B2E-D55B-4999-91D1-785B6C419D2D}.Release|x64.ActiveCfg = Release|x64
		{78AB7B2E-D55B-4999-91D1-785B6C419D2D}.Release|x64.Build.0 = Release|x64
		{78AB7B2E-D55B-4999-91D1-785B6C419D2D}.Release|x86.ActiveCfg = Release|Win32
		{78AB7B2E-D55B-4999-91D1-785B6C419D2D}.Release|x86.Build.0 = Release|Win32
		{363AE174-56EF-4B2B-8A03-7BEA5D344C67}.Debug|x64.ActiveCfg = Debug|x64
		{363AE174-56EF-4B2B-8A03-7BEA5D344C67}.Debug|x64.Build.0 = Debug|x64
		{363AE174-56EF-4B2B-8A03-7BEA5D344C67}.Debug|x86.ActiveCfg = Debug|Win32
		{363AE174-56EF-4B2B-8A03-7BEA5D344C67}.Debug|x86.Build.0 = Debug|Win32
		{363AE174-56EF-4B2B-8A03-7BEA5D344C67}.Release|x64.ActiveCfg = Release|x64
		{363AE174-56EF-4B2B-8A03-7BEA5D344C67}.Release|x64.Build.0 = Release|x64
		{363AE174-56EF-4B2B-8A03-7BEA5D344C67}.Release|x86.ActiveCfg = Release|Win32
		{363AE174-56EF-4B2B-8A03-7BEA5D344C67}.Release|x86.Build.0 = Release|Win32
		{9D4CB142-5DE8-4C1F-B8D4-E148D47E0FCB}.Debug|x64.ActiveCfg = Debug|x64
		{9D4CB142-5DE8-4C1F-B8D4-E148D47E0FCB}.Debug|x64.Build.0 = Debug|x64
		{9D4CB142-5DE8-4C1F-B8D4-E148D47E0FCB}.Debug|x86.ActiveCfg = Debug|Win32
		{9D4CB142-5DE8-4C1F-B8D4-E148D47E0FCB}.Debug|x86.Build.0 = Debug|Win32
		{9D4CB142-5DE8-4C1F-B8D4-E148D47E0FCB}.Release|x64.ActiveCfg = Release|x64
		{9D4CB142-5DE8-4C1F-B8D4-E148D47E0FCB}.Release|x64.Build.0 = Release|x64
		{9D4CB142-5DE8-4C1F-B8D4-E148D47E0FCB}.Release|x86.ActiveCfg = Release|Win32
		{9D4CB142-5DE8-4C1F-B8D4-E148D47E0FCB}.Release|x86.Build.0 = Release|Win32
	EndGlobalSection
	GlobalSection(SolutionProperties) = preSolution
		HideSolutionNode = FALSE
	EndGlobalSection
	GlobalSection(ExtensibilityGlobals) = postSolution
		SolutionGuid = {23CE461D-3EEA-45CA-B893-A9D6098EF920}
	EndGlobalSection
EndGlobal
